lockfileVersion: '9.0'

settings:
  autoInstallPeers: true
  excludeLinksFromLockfile: false

importers:

  .:
    dependencies:
      '@persevie/statemanjs':
        specifier: ^1.7.1
        version: 1.7.1
      '@reduxjs/toolkit':
        specifier: ^2.9.0
        version: 2.9.2
      effector:
        specifier: ^23.4.4
        version: 23.4.4
      mobx:
        specifier: ^6.15.0
        version: 6.15.0
      redux:
        specifier: ^5.0.1
        version: 5.0.1

packages:

  '@persevie/statemanjs@1.7.1':
    resolution: {integrity: sha512-/sUzfdCH9ztb4ZW1woeCOmHoqlGpVuHb07BVJLWLj+9G+HqWYaEIL+Anb3k3/lG3NlE0uWuIwSJEP/DiqCHv5Q==}

  '@reduxjs/toolkit@2.9.2':
    resolution: {integrity: sha512-ZAYu/NXkl/OhqTz7rfPaAhY0+e8Fr15jqNxte/2exKUxvHyQ/hcqmdekiN1f+Lcw3pE+34FCgX+26zcUE3duCg==}
    peerDependencies:
      react: ^16.9.0 || ^17.0.0 || ^18 || ^19
      react-redux: ^7.2.1 || ^8.1.3 || ^9.0.0
    peerDependenciesMeta:
      react:
        optional: true
      react-redux:
        optional: true

  '@standard-schema/spec@1.0.0':
    resolution: {integrity: sha512-m2bOd0f2RT9k8QJx1JN85cZYyH1RqFBdlwtkSlf4tBDYLCiiZnv1fIIwacK6cqwXavOydf0NPToMQgpKq+dVlA==}

  '@standard-schema/utils@0.3.0':
    resolution: {integrity: sha512-e7Mew686owMaPJVNNLs55PUvgz371nKgwsc4vxE49zsODpJEnxgxRo2y/OKrqueavXgZNMDVj3DdHFlaSAeU8g==}

  effector@23.4.4:
    resolution: {integrity: sha512-QkZboRN28K/iwxigDhlJcI3ux3aNbt8kYGGH/GkqWG0OlGeyuBhb7PdM89Iu+ogV8Lmz16xIlwnXR2UNWI6psg==}
    engines: {node: '>=11.0.0'}

  immer@10.2.0:
    resolution: {integrity: sha512-d/+XTN3zfODyjr89gM3mPq1WNX2B8pYsu7eORitdwyA2sBubnTl3laYlBk4sXY5FUa5qTZGBDPJICVbvqzjlbw==}

  mobx@6.15.0:
    resolution: {integrity: sha512-UczzB+0nnwGotYSgllfARAqWCJ5e/skuV2K/l+Zyck/H6pJIhLXuBnz+6vn2i211o7DtbE78HQtsYEKICHGI+g==}

  redux-thunk@3.1.0:
    resolution: {integrity: sha512-NW2r5T6ksUKXCabzhL9z+h206HQw/NJkcLm1GPImRQ8IzfXwRGqjVhKJGauHirT0DAuyy6hjdnMZaRoAcy0Klw==}
    peerDependencies:
      redux: ^5.0.0

  redux@5.0.1:
    resolution: {integrity: sha512-M9/ELqF6fy8FwmkpnF0S3YKOqMyoWJ4+CS5Efg2ct3oY9daQvd/Pc71FpGZsVsbl3Cpb+IIcjBDUnnyBdQbq4w==}

  reselect@5.1.1:
    resolution: {integrity: sha512-K/BG6eIky/SBpzfHZv/dd+9JBFiS4SWV7FIujVyJRux6e45+73RaUHXLmIR1f7WOMaQ0U1km6qwklRQxpJJY0w==}

snapshots:

  '@persevie/statemanjs@1.7.1': {}

  '@reduxjs/toolkit@2.9.2':
    dependencies:
      '@standard-schema/spec': 1.0.0
      '@standard-schema/utils': 0.3.0
      immer: 10.2.0
      redux: 5.0.1
      redux-thunk: 3.1.0(redux@5.0.1)
      reselect: 5.1.1

  '@standard-schema/spec@1.0.0': {}

  '@standard-schema/utils@0.3.0': {}

  effector@23.4.4: {}

  immer@10.2.0: {}

  mobx@6.15.0: {}

  redux-thunk@3.1.0(redux@5.0.1):
    dependencies:
      redux: 5.0.1

  redux@5.0.1: {}

  reselect@5.1.1: {}
